
Microsoft Visual Studio Solution File, Format Version 12.00
# Visual Studio Version 16
VisualStudioVersion = 16.0.32428.217
MinimumVisualStudioVersion = 10.0.40219.1
Project("{FAE04EC0-301F-11D3-BF4B-00C04F79EFBC}") = "ChapeauUI", "ChapeauUI\ChapeauUI.csproj", "{3C765286-1D93-4679-B782-0021FDEF608C}"
EndProject
Project("{FAE04EC0-301F-11D3-BF4B-00C04F79EFBC}") = "ChapeauDAL", "ChapeauDAL\ChapeauDAL.csproj", "{47F7EEAC-5898-4308-B33C-33C1A8D7450B}"
EndProject
Global
	GlobalSection(SolutionConfigurationPlatforms) = preSolution
		Debug|Any CPU = Debug|Any CPU
		Release|Any CPU = Release|Any CPU
	EndGlobalSection
	GlobalSection(ProjectConfigurationPlatforms) = postSolution
		{3C765286-1D93-4679-B782-0021FDEF608C}.Debug|Any CPU.ActiveCfg = Debug|Any CPU
		{3C765286-1D93-4679-B782-0021FDEF608C}.Debug|Any CPU.Build.0 = Debug|Any CPU
		{3C765286-1D93-4679-B782-0021FDEF608C}.Release|Any CPU.ActiveCfg = Release|Any CPU
		{3C765286-1D93-4679-B782-0021FDEF608C}.Release|Any CPU.Build.0 = Release|Any CPU
		{47F7EEAC-5898-4308-B33C-33C1A8D7450B}.Debug|Any CPU.ActiveCfg = Debug|Any CPU
		{47F7EEAC-5898-4308-B33C-33C1A8D7450B}.Debug|Any CPU.Build.0 = Debug|Any CPU
		{47F7EEAC-5898-4308-B33C-33C1A8D7450B}.Release|Any CPU.ActiveCfg = Release|Any CPU
		{47F7EEAC-5898-4308-B33C-33C1A8D7450B}.Release|Any CPU.Build.0 = Release|Any CPU
	EndGlobalSection
	GlobalSection(SolutionProperties) = preSolution
		HideSolutionNode = FALSE
	EndGlobalSection
	GlobalSection(ExtensibilityGlobals) = postSolution
		SolutionGuid = {7A816D26-DACD-4485-972D-8EE17E25F857}
	EndGlobalSection
EndGlobal
